
Microsoft Visual Studio Solution File, Format Version 12.00
# Visual Studio 15
VisualStudioVersion = 15.0.27428.1
MinimumVisualStudioVersion = 10.0.40219.1
Project("{FAE04EC0-301F-11D3-BF4B-00C04F79EFBC}") = "WebApplication3", "WebApplication3\WebApplication3.csproj", "{9020FBD6-DA67-4EC9-9E4D-33320AEB7481}"
EndProject
Global
	GlobalSection(SolutionConfigurationPlatforms) = preSolution
		Debug|Any CPU = Debug|Any CPU
		Release|Any CPU = Release|Any CPU
	EndGlobalSection
	GlobalSection(ProjectConfigurationPlatforms) = postSolution
		{9020FBD6-DA67-4EC9-9E4D-33320AEB7481}.Debug|Any CPU.ActiveCfg = Debug|Any CPU
		{9020FBD6-DA67-4EC9-9E4D-33320AEB7481}.Debug|Any CPU.Build.0 = Debug|Any CPU
		{9020FBD6-DA67-4EC9-9E4D-33320AEB7481}.Release|Any CPU.ActiveCfg = Release|Any CPU
		{9020FBD6-DA67-4EC9-9E4D-33320AEB7481}.Release|Any CPU.Build.0 = Release|Any CPU
	EndGlobalSection
	GlobalSection(SolutionProperties) = preSolution
		HideSolutionNode = FALSE
	EndGlobalSection
	GlobalSection(ExtensibilityGlobals) = postSolution
		SolutionGuid = {B4D02AFA-C0E8-482B-B78B-B2223F7898DF}
	EndGlobalSection
EndGlobal
